
Microsoft Visual Studio Solution File, Format Version 12.00
# Visual Studio Version 17
VisualStudioVersion = 17.0.32112.339
MinimumVisualStudioVersion = 10.0.40219.1
Project("{9A19103F-16F7-4668-BE54-9A1E7A4F7556}") = "Interface", "src\Interface\Interface.csproj", "{D5769576-5EAB-46A3-897D-7D6B1B5CE64F}"
EndProject
Project("{9A19103F-16F7-4668-BE54-9A1E7A4F7556}") = "TestProject", "src\TestProject\TestProject.csproj", "{13A64195-D7D1-4CD1-A646-5D82F8C72A9A}"
EndProject
Project("{9A19103F-16F7-4668-BE54-9A1E7A4F7556}") = "Interface.Server", "src\Interface.Server\Interface.Server.csproj", "{3B7B8BEC-7753-4642-A57B-FC7B061ACB4A}"
EndProject
Project("{9A19103F-16F7-4668-BE54-9A1E7A4F7556}") = "TestRunner.Core", "src\TestRunner.Core\TestRunner.Core.csproj", "{7A18B328-D525-462A-9C94-A269350242D5}"
EndProject
Project("{9A19103F-16F7-4668-BE54-9A1E7A4F7556}") = "TestRunner.Core.Tests", "tests\TestRunner.Core.Tests\TestRunner.Core.Tests.csproj", "{CA7D6019-879D-43DD-8AFE-68351C1D2E51}"
EndProject
Project("{9A19103F-16F7-4668-BE54-9A1E7A4F7556}") = "TestRunner.Application", "src\TestRunner.Application\TestRunner.Application.csproj", "{920A9696-5CE6-46A0-9F34-082D2438DCDE}"
EndProject
Project("{9A19103F-16F7-4668-BE54-9A1E7A4F7556}") = "TestConsoleApp", "src\TestConsoleApp\TestConsoleApp.csproj", "{1334B92F-DD25-4919-A7F1-4947C1878A2D}"
EndProject
Project("{9A19103F-16F7-4668-BE54-9A1E7A4F7556}") = "Serialization", "src\Serialization\Serialization.csproj", "{01A04633-F939-4E68-ABDB-544D83D23126}"
EndProject
Project("{2150E333-8FDC-42A3-9474-1A3956D46DE8}") = "Pipe", "Pipe", "{06717B26-6182-4731-ABA7-8CB31FE3C0E5}"
EndProject
Project("{9A19103F-16F7-4668-BE54-9A1E7A4F7556}") = "Pipe.Server", "src\Pipe.Server\Pipe.Server.csproj", "{0CCEB222-7AC1-4DAC-9B6A-815DE2F58754}"
EndProject
Project("{9A19103F-16F7-4668-BE54-9A1E7A4F7556}") = "Pipe.Publisher", "src\Pipe.Publisher\Pipe.Publisher.csproj", "{A9762A14-4C0D-4873-B0E6-3A74FA47D457}"
EndProject
Project("{2150E333-8FDC-42A3-9474-1A3956D46DE8}") = "Plugins", "Plugins", "{2C8B6075-F2B8-497F-ACD4-11D9FBD41B7C}"
EndProject
Project("{9A19103F-16F7-4668-BE54-9A1E7A4F7556}") = "PipePublisher.TestLogger", "src\PipePublisher.TestLogger\PipePublisher.TestLogger.csproj", "{6C860DC3-D7BC-40C8-A4DD-BB7AADB0D6FF}"
EndProject
Project("{9A19103F-16F7-4668-BE54-9A1E7A4F7556}") = "PipePublisherData.Collector", "src\PipePublisherData.Collector\PipePublisherData.Collector.csproj", "{85708A43-8ACA-4B2B-A491-B188226CD1F8}"
EndProject
Project("{2150E333-8FDC-42A3-9474-1A3956D46DE8}") = "Testing", "Testing", "{76A2AD0F-C654-4F1B-B655-1337C7A683D3}"
EndProject
Project("{9A19103F-16F7-4668-BE54-9A1E7A4F7556}") = "PipePublisher.TestLogger.Inner", "src\PipePublisher.TestLogger.Inner\PipePublisher.TestLogger.Inner.csproj", "{A5F00CDC-EEA3-4F01-893D-250907D76CBF}"
EndProject
Project("{9A19103F-16F7-4668-BE54-9A1E7A4F7556}") = "PipePublisherData.Collector.Inner", "src\PipePublisherData.Collector.Inner\PipePublisherData.Collector.Inner.csproj", "{1B1D2D9E-0E59-4177-BA76-FBE66C300EA6}"
EndProject
Project("{FAE04EC0-301F-11D3-BF4B-00C04F79EFBC}") = "Interface.Naming", "src\Interface.Naming\Interface.Naming.csproj", "{B9AC7E50-5E00-4285-84A9-FFC4EDF7DDB1}"
EndProject
Global
	GlobalSection(SolutionConfigurationPlatforms) = preSolution
		Debug|Any CPU = Debug|Any CPU
		Release|Any CPU = Release|Any CPU
	EndGlobalSection
	GlobalSection(ProjectConfigurationPlatforms) = postSolution
		{D5769576-5EAB-46A3-897D-7D6B1B5CE64F}.Debug|Any CPU.ActiveCfg = Debug|Any CPU
		{D5769576-5EAB-46A3-897D-7D6B1B5CE64F}.Debug|Any CPU.Build.0 = Debug|Any CPU
		{D5769576-5EAB-46A3-897D-7D6B1B5CE64F}.Release|Any CPU.ActiveCfg = Release|Any CPU
		{D5769576-5EAB-46A3-897D-7D6B1B5CE64F}.Release|Any CPU.Build.0 = Release|Any CPU
		{13A64195-D7D1-4CD1-A646-5D82F8C72A9A}.Debug|Any CPU.ActiveCfg = Debug|Any CPU
		{13A64195-D7D1-4CD1-A646-5D82F8C72A9A}.Debug|Any CPU.Build.0 = Debug|Any CPU
		{13A64195-D7D1-4CD1-A646-5D82F8C72A9A}.Release|Any CPU.ActiveCfg = Release|Any CPU
		{13A64195-D7D1-4CD1-A646-5D82F8C72A9A}.Release|Any CPU.Build.0 = Release|Any CPU
		{3B7B8BEC-7753-4642-A57B-FC7B061ACB4A}.Debug|Any CPU.ActiveCfg = Debug|Any CPU
		{3B7B8BEC-7753-4642-A57B-FC7B061ACB4A}.Debug|Any CPU.Build.0 = Debug|Any CPU
		{3B7B8BEC-7753-4642-A57B-FC7B061ACB4A}.Release|Any CPU.ActiveCfg = Release|Any CPU
		{3B7B8BEC-7753-4642-A57B-FC7B061ACB4A}.Release|Any CPU.Build.0 = Release|Any CPU
		{7A18B328-D525-462A-9C94-A269350242D5}.Debug|Any CPU.ActiveCfg = Debug|Any CPU
		{7A18B328-D525-462A-9C94-A269350242D5}.Debug|Any CPU.Build.0 = Debug|Any CPU
		{7A18B328-D525-462A-9C94-A269350242D5}.Release|Any CPU.ActiveCfg = Release|Any CPU
		{7A18B328-D525-462A-9C94-A269350242D5}.Release|Any CPU.Build.0 = Release|Any CPU
		{CA7D6019-879D-43DD-8AFE-68351C1D2E51}.Debug|Any CPU.ActiveCfg = Debug|Any CPU
		{CA7D6019-879D-43DD-8AFE-68351C1D2E51}.Debug|Any CPU.Build.0 = Debug|Any CPU
		{CA7D6019-879D-43DD-8AFE-68351C1D2E51}.Release|Any CPU.ActiveCfg = Release|Any CPU
		{CA7D6019-879D-43DD-8AFE-68351C1D2E51}.Release|Any CPU.Build.0 = Release|Any CPU
		{920A9696-5CE6-46A0-9F34-082D2438DCDE}.Debug|Any CPU.ActiveCfg = Debug|Any CPU
		{920A9696-5CE6-46A0-9F34-082D2438DCDE}.Debug|Any CPU.Build.0 = Debug|Any CPU
		{920A9696-5CE6-46A0-9F34-082D2438DCDE}.Release|Any CPU.ActiveCfg = Release|Any CPU
		{920A9696-5CE6-46A0-9F34-082D2438DCDE}.Release|Any CPU.Build.0 = Release|Any CPU
		{1334B92F-DD25-4919-A7F1-4947C1878A2D}.Debug|Any CPU.ActiveCfg = Debug|Any CPU
		{1334B92F-DD25-4919-A7F1-4947C1878A2D}.Debug|Any CPU.Build.0 = Debug|Any CPU
		{1334B92F-DD25-4919-A7F1-4947C1878A2D}.Release|Any CPU.ActiveCfg = Release|Any CPU
		{1334B92F-DD25-4919-A7F1-4947C1878A2D}.Release|Any CPU.Build.0 = Release|Any CPU
		{01A04633-F939-4E68-ABDB-544D83D23126}.Debug|Any CPU.ActiveCfg = Debug|Any CPU
		{01A04633-F939-4E68-ABDB-544D83D23126}.Debug|Any CPU.Build.0 = Debug|Any CPU
		{01A04633-F939-4E68-ABDB-544D83D23126}.Release|Any CPU.ActiveCfg = Release|Any CPU
		{01A04633-F939-4E68-ABDB-544D83D23126}.Release|Any CPU.Build.0 = Release|Any CPU
		{0CCEB222-7AC1-4DAC-9B6A-815DE2F58754}.Debug|Any CPU.ActiveCfg = Debug|Any CPU
		{0CCEB222-7AC1-4DAC-9B6A-815DE2F58754}.Debug|Any CPU.Build.0 = Debug|Any CPU
		{0CCEB222-7AC1-4DAC-9B6A-815DE2F58754}.Release|Any CPU.ActiveCfg = Release|Any CPU
		{0CCEB222-7AC1-4DAC-9B6A-815DE2F58754}.Release|Any CPU.Build.0 = Release|Any CPU
		{A9762A14-4C0D-4873-B0E6-3A74FA47D457}.Debug|Any CPU.ActiveCfg = Debug|Any CPU
		{A9762A14-4C0D-4873-B0E6-3A74FA47D457}.Debug|Any CPU.Build.0 = Debug|Any CPU
		{A9762A14-4C0D-4873-B0E6-3A74FA47D457}.Release|Any CPU.ActiveCfg = Release|Any CPU
		{A9762A14-4C0D-4873-B0E6-3A74FA47D457}.Release|Any CPU.Build.0 = Release|Any CPU
		{6C860DC3-D7BC-40C8-A4DD-BB7AADB0D6FF}.Debug|Any CPU.ActiveCfg = Debug|Any CPU
		{6C860DC3-D7BC-40C8-A4DD-BB7AADB0D6FF}.Debug|Any CPU.Build.0 = Debug|Any CPU
		{6C860DC3-D7BC-40C8-A4DD-BB7AADB0D6FF}.Release|Any CPU.ActiveCfg = Release|Any CPU
		{6C860DC3-D7BC-40C8-A4DD-BB7AADB0D6FF}.Release|Any CPU.Build.0 = Release|Any CPU
		{85708A43-8ACA-4B2B-A491-B188226CD1F8}.Debug|Any CPU.ActiveCfg = Debug|Any CPU
		{85708A43-8ACA-4B2B-A491-B188226CD1F8}.Debug|Any CPU.Build.0 = Debug|Any CPU
		{85708A43-8ACA-4B2B-A491-B188226CD1F8}.Release|Any CPU.ActiveCfg = Release|Any CPU
		{85708A43-8ACA-4B2B-A491-B188226CD1F8}.Release|Any CPU.Build.0 = Release|Any CPU
		{A5F00CDC-EEA3-4F01-893D-250907D76CBF}.Debug|Any CPU.ActiveCfg = Debug|Any CPU
		{A5F00CDC-EEA3-4F01-893D-250907D76CBF}.Debug|Any CPU.Build.0 = Debug|Any CPU
		{A5F00CDC-EEA3-4F01-893D-250907D76CBF}.Release|Any CPU.ActiveCfg = Release|Any CPU
		{A5F00CDC-EEA3-4F01-893D-250907D76CBF}.Release|Any CPU.Build.0 = Release|Any CPU
		{1B1D2D9E-0E59-4177-BA76-FBE66C300EA6}.Debug|Any CPU.ActiveCfg = Debug|Any CPU
		{1B1D2D9E-0E59-4177-BA76-FBE66C300EA6}.Debug|Any CPU.Build.0 = Debug|Any CPU
		{1B1D2D9E-0E59-4177-BA76-FBE66C300EA6}.Release|Any CPU.ActiveCfg = Release|Any CPU
		{1B1D2D9E-0E59-4177-BA76-FBE66C300EA6}.Release|Any CPU.Build.0 = Release|Any CPU
		{B9AC7E50-5E00-4285-84A9-FFC4EDF7DDB1}.Debug|Any CPU.ActiveCfg = Debug|Any CPU
		{B9AC7E50-5E00-4285-84A9-FFC4EDF7DDB1}.Debug|Any CPU.Build.0 = Debug|Any CPU
		{B9AC7E50-5E00-4285-84A9-FFC4EDF7DDB1}.Release|Any CPU.ActiveCfg = Release|Any CPU
		{B9AC7E50-5E00-4285-84A9-FFC4EDF7DDB1}.Release|Any CPU.Build.0 = Release|Any CPU
	EndGlobalSection
	GlobalSection(SolutionProperties) = preSolution
		HideSolutionNode = FALSE
	EndGlobalSection
	GlobalSection(NestedProjects) = preSolution
		{13A64195-D7D1-4CD1-A646-5D82F8C72A9A} = {76A2AD0F-C654-4F1B-B655-1337C7A683D3}
		{1334B92F-DD25-4919-A7F1-4947C1878A2D} = {76A2AD0F-C654-4F1B-B655-1337C7A683D3}
		{0CCEB222-7AC1-4DAC-9B6A-815DE2F58754} = {06717B26-6182-4731-ABA7-8CB31FE3C0E5}
		{A9762A14-4C0D-4873-B0E6-3A74FA47D457} = {06717B26-6182-4731-ABA7-8CB31FE3C0E5}
		{6C860DC3-D7BC-40C8-A4DD-BB7AADB0D6FF} = {2C8B6075-F2B8-497F-ACD4-11D9FBD41B7C}
		{85708A43-8ACA-4B2B-A491-B188226CD1F8} = {2C8B6075-F2B8-497F-ACD4-11D9FBD41B7C}
		{A5F00CDC-EEA3-4F01-893D-250907D76CBF} = {2C8B6075-F2B8-497F-ACD4-11D9FBD41B7C}
		{1B1D2D9E-0E59-4177-BA76-FBE66C300EA6} = {2C8B6075-F2B8-497F-ACD4-11D9FBD41B7C}
	EndGlobalSection
	GlobalSection(ExtensibilityGlobals) = postSolution
		SolutionGuid = {68C8C944-4F12-4E44-B2AC-4181E4763CDC}
	EndGlobalSection
EndGlobal
