
Microsoft Visual Studio Solution File, Format Version 12.00
# Visual Studio Version 17
VisualStudioVersion = 17.0.32112.339
MinimumVisualStudioVersion = 10.0.40219.1
Project("{9A19103F-16F7-4668-BE54-9A1E7A4F7556}") = "Interface", "src\Interface\Interface.csproj", "{D5769576-5EAB-46A3-897D-7D6B1B5CE64F}"
EndProject
Project("{9A19103F-16F7-4668-BE54-9A1E7A4F7556}") = "Listener.Console", "src\Listener.Console\Listener.Console.csproj", "{1EA632EA-475E-4880-A5D2-BACD3152B50C}"
EndProject
Project("{9A19103F-16F7-4668-BE54-9A1E7A4F7556}") = "TestProject", "src\TestProject\TestProject.csproj", "{13A64195-D7D1-4CD1-A646-5D82F8C72A9A}"
EndProject
Project("{9A19103F-16F7-4668-BE54-9A1E7A4F7556}") = "TestRunViewer", "src\TestRunViewer\TestRunViewer.csproj", "{CADC9B6F-79C5-481A-8A15-11A2ABCE1ACE}"
EndProject
Project("{9A19103F-16F7-4668-BE54-9A1E7A4F7556}") = "ZmqCollector.Collector", "src\ZmqCollector.Collector\ZmqCollector.Collector.csproj", "{75991EC3-094A-49CB-AF0A-83C9A1807C5F}"
EndProject
Project("{9A19103F-16F7-4668-BE54-9A1E7A4F7556}") = "ZmqPublisher.TestLogger", "src\ZmqPublisher.testlogger\ZmqPublisher.TestLogger.csproj", "{9C1EDCFE-B1B0-4623-AEB3-79EF03E010AA}"
EndProject
Project("{FAE04EC0-301F-11D3-BF4B-00C04F79EFBC}") = "Publisher", "src\Publisher\Publisher.csproj", "{790A75FE-12D7-4C58-AD9B-DF6576C922B8}"
EndProject
Global
	GlobalSection(SolutionConfigurationPlatforms) = preSolution
		Debug|Any CPU = Debug|Any CPU
		Release|Any CPU = Release|Any CPU
	EndGlobalSection
	GlobalSection(ProjectConfigurationPlatforms) = postSolution
		{D5769576-5EAB-46A3-897D-7D6B1B5CE64F}.Debug|Any CPU.ActiveCfg = Debug|Any CPU
		{D5769576-5EAB-46A3-897D-7D6B1B5CE64F}.Debug|Any CPU.Build.0 = Debug|Any CPU
		{D5769576-5EAB-46A3-897D-7D6B1B5CE64F}.Release|Any CPU.ActiveCfg = Release|Any CPU
		{D5769576-5EAB-46A3-897D-7D6B1B5CE64F}.Release|Any CPU.Build.0 = Release|Any CPU
		{1EA632EA-475E-4880-A5D2-BACD3152B50C}.Debug|Any CPU.ActiveCfg = Debug|Any CPU
		{1EA632EA-475E-4880-A5D2-BACD3152B50C}.Debug|Any CPU.Build.0 = Debug|Any CPU
		{1EA632EA-475E-4880-A5D2-BACD3152B50C}.Release|Any CPU.ActiveCfg = Release|Any CPU
		{1EA632EA-475E-4880-A5D2-BACD3152B50C}.Release|Any CPU.Build.0 = Release|Any CPU
		{13A64195-D7D1-4CD1-A646-5D82F8C72A9A}.Debug|Any CPU.ActiveCfg = Debug|Any CPU
		{13A64195-D7D1-4CD1-A646-5D82F8C72A9A}.Debug|Any CPU.Build.0 = Debug|Any CPU
		{13A64195-D7D1-4CD1-A646-5D82F8C72A9A}.Release|Any CPU.ActiveCfg = Release|Any CPU
		{13A64195-D7D1-4CD1-A646-5D82F8C72A9A}.Release|Any CPU.Build.0 = Release|Any CPU
		{CADC9B6F-79C5-481A-8A15-11A2ABCE1ACE}.Debug|Any CPU.ActiveCfg = Debug|Any CPU
		{CADC9B6F-79C5-481A-8A15-11A2ABCE1ACE}.Debug|Any CPU.Build.0 = Debug|Any CPU
		{CADC9B6F-79C5-481A-8A15-11A2ABCE1ACE}.Release|Any CPU.ActiveCfg = Release|Any CPU
		{CADC9B6F-79C5-481A-8A15-11A2ABCE1ACE}.Release|Any CPU.Build.0 = Release|Any CPU
		{75991EC3-094A-49CB-AF0A-83C9A1807C5F}.Debug|Any CPU.ActiveCfg = Debug|Any CPU
		{75991EC3-094A-49CB-AF0A-83C9A1807C5F}.Debug|Any CPU.Build.0 = Debug|Any CPU
		{75991EC3-094A-49CB-AF0A-83C9A1807C5F}.Release|Any CPU.ActiveCfg = Release|Any CPU
		{75991EC3-094A-49CB-AF0A-83C9A1807C5F}.Release|Any CPU.Build.0 = Release|Any CPU
		{9C1EDCFE-B1B0-4623-AEB3-79EF03E010AA}.Debug|Any CPU.ActiveCfg = Debug|Any CPU
		{9C1EDCFE-B1B0-4623-AEB3-79EF03E010AA}.Debug|Any CPU.Build.0 = Debug|Any CPU
		{9C1EDCFE-B1B0-4623-AEB3-79EF03E010AA}.Release|Any CPU.ActiveCfg = Release|Any CPU
		{9C1EDCFE-B1B0-4623-AEB3-79EF03E010AA}.Release|Any CPU.Build.0 = Release|Any CPU
		{790A75FE-12D7-4C58-AD9B-DF6576C922B8}.Debug|Any CPU.ActiveCfg = Debug|Any CPU
		{790A75FE-12D7-4C58-AD9B-DF6576C922B8}.Debug|Any CPU.Build.0 = Debug|Any CPU
		{790A75FE-12D7-4C58-AD9B-DF6576C922B8}.Release|Any CPU.ActiveCfg = Release|Any CPU
		{790A75FE-12D7-4C58-AD9B-DF6576C922B8}.Release|Any CPU.Build.0 = Release|Any CPU
	EndGlobalSection
	GlobalSection(SolutionProperties) = preSolution
		HideSolutionNode = FALSE
	EndGlobalSection
	GlobalSection(ExtensibilityGlobals) = postSolution
		SolutionGuid = {68C8C944-4F12-4E44-B2AC-4181E4763CDC}
	EndGlobalSection
EndGlobal
